<?xml version="1.0" encoding="utf-8"?>
<Project ToolsVersion="16.0" xmlns="http://schemas.microsoft.com/developer/msbuild/2003">
  <ItemGroup>
    <ClCompile Include="C:\Users\gvine\Downloads\exampletp1-main\examples\basic\main.cpp">
      <Filter>Source Files</Filter>
    </ClCompile>
  </ItemGroup>
  <ItemGroup>
    <CustomBuild Include="C:\Users\gvine\Downloads\exampletp1-main\examples\basic\CMakeLists.txt" />
  </ItemGroup>
  <ItemGroup>
    <Filter Include="Source Files">
      <UniqueIdentifier>{D7F99782-B65F-3448-BFE8-27FD2538FE08}</UniqueIdentifier>
    </Filter>
  </ItemGroup>
</Project>
